{
  "name": "socialNetwork",
  "requires": true,
  "lockfileVersion": 1,
  "dependencies": {
    "bootstrap-icons": {
      "version": "1.0.0-alpha3",
      "resolved": "https://registry.npmjs.org/bootstrap-icons/-/bootstrap-icons-1.0.0-alpha3.tgz",
      "integrity": "sha512-UO++43jb/qlWVsC31WkHOjFsTihJkSz0wngnUS+P1ImcCMTqDJqDHySld+hpkzxi+q6fL8iom7nfT3ApAxZ6cQ=="
    }
  }
}
